schema: '2.0'
stages:
  preprocess:
    cmd: python src/data/preprocess.py
    deps:
    - path: data/raw
      hash: md5
      md5: 299f05785321015dee3ae113c88a6e15.dir
      size: 167666336
      nfiles: 2521
    - path: src/data/preprocess.py
      hash: md5
      md5: 7f33d2b9b91b6f453ae556522cd253cf
      size: 463
  train:
    cmd: python src/train.py
    deps:
    - path: data/raw
      hash: md5
      md5: 299f05785321015dee3ae113c88a6e15.dir
      size: 167666336
      nfiles: 2521
    - path: src/train.py
      hash: md5
      md5: 0c7fac5b5d0ae17e10b7b73156b7828c
      size: 2411
    outs:
    - path: models/model
      hash: md5
      md5: 62369c816e52a47947df28d6129512eb.dir
      size: 16326547
      nfiles: 1
