schema: '2.0'
stages:
  preprocess:
    cmd: python src/data/preprocess.py
    deps:
    - path: data/raw
      hash: md5
      md5: 299f05785321015dee3ae113c88a6e15.dir
      size: 167666336
      nfiles: 2521
    - path: src/data/preprocess.py
      hash: md5
      md5: 2c0af851158bd83d8a1f801265d89a27
      size: 919
  train:
    cmd: python src/train.py
    deps:
    - path: data/raw
      hash: md5
      md5: 299f05785321015dee3ae113c88a6e15.dir
      size: 167666336
      nfiles: 2521
    - path: src/train.py
      hash: md5
      md5: 757307d42ae792eaec9119ab901edff4
      size: 4552
    outs:
    - path: models/model
      hash: md5
      md5: f416e5dae67f8ab174f91951a8e17df8.dir
      size: 44788107
      nfiles: 1
