schema: '2.0'
stages:
  preprocess:
    cmd: python src/data/preprocess.py
    deps:
    - path: data/raw
      hash: md5
      md5: 299f05785321015dee3ae113c88a6e15.dir
      size: 167666336
      nfiles: 2521
    - path: src/data/preprocess.py
      hash: md5
      md5: 2c0af851158bd83d8a1f801265d89a27
      size: 919
  train:
    cmd: python src/train.py
    deps:
    - path: data/raw
      hash: md5
      md5: 299f05785321015dee3ae113c88a6e15.dir
      size: 167666336
      nfiles: 2521
    - path: src/train.py
      hash: md5
      md5: 0ccb5b4eb0791433ce4fd3c226fa353c
      size: 3882
    outs:
    - path: models/model
      hash: md5
      md5: ce31925b1536f7ec8b93f01651aed373.dir
      size: 16326547
      nfiles: 1
